{
    "_readme": [
        "This file locks the dependencies of your project to a known state",
        "Read more about it at https://getcomposer.org/doc/01-basic-usage.md#installing-dependencies",
        "This file is @generated automatically"
    ],
    "content-hash": "2ffc758a50779c86d977f7ec9f2d0072",
    "packages": [
        {
            "name": "aternos/nbt",
            "version": "v1.0.0",
            "source": {
                "type": "git",
                "url": "https://github.com/aternosorg/php-nbt.git",
                "reference": "01dfd57ee8a380eabfb2b87c8e4cf69a8136951b"
            },
            "dist": {
                "type": "zip",
                "url": "https://api.github.com/repos/aternosorg/php-nbt/zipball/01dfd57ee8a380eabfb2b87c8e4cf69a8136951b",
                "reference": "01dfd57ee8a380eabfb2b87c8e4cf69a8136951b",
                "shasum": ""
            },
            "require": {
                "ext-zlib": "*",
                "php-64bit": "*",
                "pocketmine/binaryutils": "^0.2.1"
            },
            "type": "library",
            "autoload": {
                "psr-4": {
                    "Aternos\\Nbt\\": "src/"
                }
            },
            "notification-url": "https://packagist.org/downloads/",
            "license": [
                "MIT"
            ],
            "authors": [
                {
                    "name": "Kurt Thiemann",
                    "email": "kurt@aternos.org"
                }
            ],
            "description": "PHP library to parse, modify, and create NBT objects",
            "support": {
                "issues": "https://github.com/aternosorg/php-nbt/issues",
                "source": "https://github.com/aternosorg/php-nbt/tree/v1.0.0"
            },
            "time": "2021-09-02T15:36:50+00:00"
        },
        {
            "name": "pocketmine/binaryutils",
            "version": "0.2.1",
            "source": {
                "type": "git",
                "url": "https://github.com/pmmp/BinaryUtils.git",
                "reference": "8cd078e2426f8100331f2d73bef10f481dad6cde"
            },
            "dist": {
                "type": "zip",
                "url": "https://api.github.com/repos/pmmp/BinaryUtils/zipball/8cd078e2426f8100331f2d73bef10f481dad6cde",
                "reference": "8cd078e2426f8100331f2d73bef10f481dad6cde",
                "shasum": ""
            },
            "require": {
                "php": "^7.4 || ^8.0",
                "php-64bit": "*"
            },
            "require-dev": {
                "phpstan/extension-installer": "^1.0",
                "phpstan/phpstan": "0.12.85",
                "phpstan/phpstan-strict-rules": "^0.12.4"
            },
            "type": "library",
            "autoload": {
                "psr-4": {
                    "pocketmine\\utils\\": "src/"
                }
            },
            "notification-url": "https://packagist.org/downloads/",
            "license": [
                "LGPL-3.0"
            ],
            "description": "Classes and methods for conveniently handling binary data",
            "support": {
                "issues": "https://github.com/pmmp/BinaryUtils/issues",
                "source": "https://github.com/pmmp/BinaryUtils/tree/0.2.1"
            },
            "time": "2021-05-30T19:42:57+00:00"
        }
    ],
    "packages-dev": [],
    "aliases": [],
    "minimum-stability": "stable",
    "stability-flags": [],
    "prefer-stable": false,
    "prefer-lowest": false,
    "platform": {
        "php": "^7.2",
        "ext-zlib": "*"
    },
    "platform-dev": [],
    "plugin-api-version": "2.1.0"
}
