{
    "_readme": [
        "This file locks the dependencies of your project to a known state",
        "Read more about it at https://getcomposer.org/doc/01-basic-usage.md#installing-dependencies",
        "This file is @generated automatically"
    ],
    "content-hash": "50fd6914e88242da3ec945c3d7695911",
    "packages": [
        {
            "name": "aternos/nbt",
            "version": "4.0.3",
            "source": {
                "type": "git",
                "url": "https://github.com/aternosorg/NBT.git",
                "reference": "aa7582c2aceebdb4c6d6816f626a41397ac99692"
            },
            "dist": {
                "type": "zip",
                "url": "https://api.github.com/repos/aternosorg/NBT/zipball/aa7582c2aceebdb4c6d6816f626a41397ac99692",
                "reference": "aa7582c2aceebdb4c6d6816f626a41397ac99692",
                "shasum": ""
            },
            "require": {
                "nicmart/tree": "~0.2",
                "php": ">=5.4.0"
            },
            "require-dev": {
                "mikey179/vfsstream": "^1.6.0"
            },
            "type": "library",
            "autoload": {
                "psr-4": {
                    "Nbt\\": "src/",
                    "Nbt\\Tests\\": "tests/"
                }
            },
            "notification-url": "https://packagist.org/downloads/",
            "license": [
                "MIT"
            ],
            "authors": [
                {
                    "name": "Justin Martin",
                    "email": "frozenfire@thefrozenfire.com",
                    "homepage": "https://github.com/TheFrozenFire",
                    "role": "Developer"
                },
                {
                    "name": "James Lowe",
                    "homepage": "https://github.com/jegol",
                    "role": "Developer"
                },
                {
                    "name": "Kevin Andrews",
                    "email": "kevin@zvps.co.uk",
                    "homepage": "https://github.com/Caffe1neAdd1ct",
                    "role": "Developer"
                },
                {
                    "name": "Rick Selby",
                    "email": "rick@selby-family.co.uk",
                    "homepage": "https://github.com/rickselby",
                    "role": "Developer"
                }
            ],
            "description": "Parser/Writer for the NBT file format",
            "homepage": "https://github.com/rickselby/NBT",
            "keywords": [
                "NBT",
                "binary",
                "decode",
                "encode"
            ],
            "support": {
                "source": "https://github.com/aternosorg/NBT/tree/4.0.3"
            },
            "time": "2021-06-26T16:06:44+00:00"
        },
        {
            "name": "nicmart/tree",
            "version": "0.3.1",
            "source": {
                "type": "git",
                "url": "https://github.com/nicmart/Tree.git",
                "reference": "c55ba47c64a3cb7454c22e6d630729fc2aab23ff"
            },
            "dist": {
                "type": "zip",
                "url": "https://api.github.com/repos/nicmart/Tree/zipball/c55ba47c64a3cb7454c22e6d630729fc2aab23ff",
                "reference": "c55ba47c64a3cb7454c22e6d630729fc2aab23ff",
                "shasum": ""
            },
            "require": {
                "php": "^7.1 || ^8.0"
            },
            "require-dev": {
                "ergebnis/composer-normalize": "^2.8.0",
                "ergebnis/license": "^1.0.0",
                "ergebnis/php-cs-fixer-config": "^2.2.1",
                "phpunit/phpunit": "^7.5.20"
            },
            "type": "library",
            "autoload": {
                "psr-4": {
                    "Tree\\": "src/"
                }
            },
            "notification-url": "https://packagist.org/downloads/",
            "license": [
                "MIT"
            ],
            "authors": [
                {
                    "name": "Nicolò Martini",
                    "email": "nicmartnic@gmail.com"
                }
            ],
            "description": "A basic but flexible php tree data structure and a fluent tree builder implementation.",
            "support": {
                "issues": "https://github.com/nicmart/Tree/issues",
                "source": "https://github.com/nicmart/Tree/tree/0.3.1"
            },
            "time": "2020-11-27T09:02:17+00:00"
        }
    ],
    "packages-dev": [],
    "aliases": [],
    "minimum-stability": "stable",
    "stability-flags": [],
    "prefer-stable": false,
    "prefer-lowest": false,
    "platform": {
        "php": "^7.2",
        "ext-zlib": "*"
    },
    "platform-dev": [],
    "plugin-api-version": "2.1.0"
}
